<Solution>
  <Folder Name="/Solution Items/">
    <File Path="README.md" />
  </Folder>
  <Folder Name="/Solution Items/.github/" />
  <Folder Name="/Solution Items/.github/workflows/">
    <File Path=".github/workflows/release.yml" />
  </Folder>
  <Folder Name="/Solution Items/Images/">
    <File Path="Images/ico.png" />
  </Folder>
  <Project Path="SaveSyncPlugin.CLI\SaveSyncPlugin.CLI.csproj" Id="71aac390-5ea5-4843-be4c-b27e3598bba1" />
  <Project Path="SaveSyncPlugin.Core\SaveSyncPlugin.Core.csproj" Id="5c10f607-5822-4931-af7d-5a091dd3a094" />
  <Project Path="SaveSyncPlugin.Tests/SaveSyncPlugin.Tests.csproj" />
  <Project Path="SaveSyncPlugin.UI\SaveSyncPlugin.UI.csproj" Id="2f245f99-b82d-44dc-898d-554d194e55e4" />
  <Project Path="SaveSyncPlugin\SaveSyncPlugin.csproj" Id="2f182437-32d3-404d-8642-240e4b206d6a" />
</Solution>
